
Microsoft Visual Studio Solution File, Format Version 12.00
# Visual Studio Version 17
VisualStudioVersion = 17.9.34902.65
MinimumVisualStudioVersion = 10.0.40219.1
Project("{9A19103F-16F7-4668-BE54-9A1E7A4F7556}") = "Api", "Api\Api.csproj", "{CE46EB3A-C9E3-4FF6-9A75-5C90BADAD366}"
EndProject
Project("{9A19103F-16F7-4668-BE54-9A1E7A4F7556}") = "Application", "Application\Application.csproj", "{1E8A6195-669D-4E1A-9427-37FF270ECFA6}"
EndProject
Project("{2150E333-8FDC-42A3-9474-1A3956D46DE8}") = "Solution Items", "Solution Items", "{1C9715EE-F131-49FE-9ABB-4D3DA893EDFE}"
	ProjectSection(SolutionItems) = preProject
		.editorconfig = .editorconfig
	EndProjectSection
EndProject
Project("{2150E333-8FDC-42A3-9474-1A3956D46DE8}") = "src", "src", "{41D27553-0ABD-43F2-8DDA-0871E3173031}"
EndProject
Project("{FAE04EC0-301F-11D3-BF4B-00C04F79EFBC}") = "Api.UnitTests", "Tests\Api.UnitTests\Api.UnitTests.csproj", "{54259B23-52BB-442F-925F-787215BED366}"
EndProject
Project("{2150E333-8FDC-42A3-9474-1A3956D46DE8}") = "Tests", "Tests", "{2B2A4368-2F3D-4275-B945-F0ED1B2BDEAF}"
EndProject
Global
	GlobalSection(SolutionConfigurationPlatforms) = preSolution
		Debug|Any CPU = Debug|Any CPU
		Release|Any CPU = Release|Any CPU
	EndGlobalSection
	GlobalSection(ProjectConfigurationPlatforms) = postSolution
		{CE46EB3A-C9E3-4FF6-9A75-5C90BADAD366}.Debug|Any CPU.ActiveCfg = Debug|Any CPU
		{CE46EB3A-C9E3-4FF6-9A75-5C90BADAD366}.Debug|Any CPU.Build.0 = Debug|Any CPU
		{CE46EB3A-C9E3-4FF6-9A75-5C90BADAD366}.Release|Any CPU.ActiveCfg = Release|Any CPU
		{CE46EB3A-C9E3-4FF6-9A75-5C90BADAD366}.Release|Any CPU.Build.0 = Release|Any CPU
		{1E8A6195-669D-4E1A-9427-37FF270ECFA6}.Debug|Any CPU.ActiveCfg = Debug|Any CPU
		{1E8A6195-669D-4E1A-9427-37FF270ECFA6}.Debug|Any CPU.Build.0 = Debug|Any CPU
		{1E8A6195-669D-4E1A-9427-37FF270ECFA6}.Release|Any CPU.ActiveCfg = Release|Any CPU
		{1E8A6195-669D-4E1A-9427-37FF270ECFA6}.Release|Any CPU.Build.0 = Release|Any CPU
		{54259B23-52BB-442F-925F-787215BED366}.Debug|Any CPU.ActiveCfg = Debug|Any CPU
		{54259B23-52BB-442F-925F-787215BED366}.Debug|Any CPU.Build.0 = Debug|Any CPU
		{54259B23-52BB-442F-925F-787215BED366}.Release|Any CPU.ActiveCfg = Release|Any CPU
		{54259B23-52BB-442F-925F-787215BED366}.Release|Any CPU.Build.0 = Release|Any CPU
	EndGlobalSection
	GlobalSection(SolutionProperties) = preSolution
		HideSolutionNode = FALSE
	EndGlobalSection
	GlobalSection(NestedProjects) = preSolution
		{CE46EB3A-C9E3-4FF6-9A75-5C90BADAD366} = {41D27553-0ABD-43F2-8DDA-0871E3173031}
		{1E8A6195-669D-4E1A-9427-37FF270ECFA6} = {41D27553-0ABD-43F2-8DDA-0871E3173031}
		{54259B23-52BB-442F-925F-787215BED366} = {2B2A4368-2F3D-4275-B945-F0ED1B2BDEAF}
	EndGlobalSection
	GlobalSection(ExtensibilityGlobals) = postSolution
		SolutionGuid = {4ECA9863-3DE2-4EB1-AF6D-EE738DECF656}
	EndGlobalSection
EndGlobal
